
Microsoft Visual Studio Solution File, Format Version 12.00
# Visual Studio Version 17
VisualStudioVersion = 17.5.001.0
MinimumVisualStudioVersion = 10.0.40219.1
Project("{9A19103F-16F7-4668-BE54-9A1E7A4F7556}") = "ZynqRO-UART-Checker", "ZynqRO-UART-Checker.csproj", "{8F5E0F61-A515-4367-B21B-5208B0199991}"
EndProject
Global
	GlobalSection(SolutionConfigurationPlatforms) = preSolution
		Debug|Any CPU = Debug|Any CPU
		Release|Any CPU = Release|Any CPU
	EndGlobalSection
	GlobalSection(ProjectConfigurationPlatforms) = postSolution
		{8F5E0F61-A515-4367-B21B-5208B0199991}.Debug|Any CPU.ActiveCfg = Debug|Any CPU
		{8F5E0F61-A515-4367-B21B-5208B0199991}.Debug|Any CPU.Build.0 = Debug|Any CPU
		{8F5E0F61-A515-4367-B21B-5208B0199991}.Release|Any CPU.ActiveCfg = Release|Any CPU
		{8F5E0F61-A515-4367-B21B-5208B0199991}.Release|Any CPU.Build.0 = Release|Any CPU
	EndGlobalSection
	GlobalSection(SolutionProperties) = preSolution
		HideSolutionNode = FALSE
	EndGlobalSection
	GlobalSection(ExtensibilityGlobals) = postSolution
		SolutionGuid = {EC3137B7-1A3E-44FE-BCDE-B5451087CA78}
	EndGlobalSection
EndGlobal
